
Microsoft Visual Studio Solution File, Format Version 12.00
# Visual Studio 15
VisualStudioVersion = 15.0.28010.2016
MinimumVisualStudioVersion = 10.0.40219.1
Project("{FAE04EC0-301F-11D3-BF4B-00C04F79EFBC}") = "SocialTwitter", "SocialTwitter\SocialTwitter.csproj", "{D3682EBC-4643-4614-88F0-EBE8843C4AA3}"
EndProject
Global
	GlobalSection(SolutionConfigurationPlatforms) = preSolution
		Debug|Any CPU = Debug|Any CPU
		Release|Any CPU = Release|Any CPU
	EndGlobalSection
	GlobalSection(ProjectConfigurationPlatforms) = postSolution
		{D3682EBC-4643-4614-88F0-EBE8843C4AA3}.Debug|Any CPU.ActiveCfg = Debug|Any CPU
		{D3682EBC-4643-4614-88F0-EBE8843C4AA3}.Debug|Any CPU.Build.0 = Debug|Any CPU
		{D3682EBC-4643-4614-88F0-EBE8843C4AA3}.Release|Any CPU.ActiveCfg = Release|Any CPU
		{D3682EBC-4643-4614-88F0-EBE8843C4AA3}.Release|Any CPU.Build.0 = Release|Any CPU
	EndGlobalSection
	GlobalSection(SolutionProperties) = preSolution
		HideSolutionNode = FALSE
	EndGlobalSection
	GlobalSection(ExtensibilityGlobals) = postSolution
		SolutionGuid = {5DF7A328-A491-4ECB-A8FC-A53D30C692F5}
	EndGlobalSection
EndGlobal
